
Microsoft Visual Studio Solution File, Format Version 12.00
Project("{FAE04EC0-301F-11D3-BF4B-00C04F79EFBC}") = "CommunicationControllerServices.Resources", "src\CommunicationControllerServices.Resources\CommunicationControllerServices.Resources.csproj", "{F440E8E9-178A-4BF2-AF3E-B9542B1C8C0E}"
EndProject
Project("{FAE04EC0-301F-11D3-BF4B-00C04F79EFBC}") = "CommunicationControllerServices", "src\CommunicationControllerServices\CommunicationControllerServices.csproj", "{12F8E0F3-B97F-466C-85AE-56D3220C644A}"
EndProject
Project("{FAE04EC0-301F-11D3-BF4B-00C04F79EFBC}") = "SystemCommunicationCkModel", "src\SystemCommunicationCkModel\SystemCommunicationCkModel.csproj", "{95D52C03-CF5D-463E-9B41-597A124903F5}"
EndProject
Global
	GlobalSection(SolutionConfigurationPlatforms) = preSolution
		Debug|Any CPU = Debug|Any CPU
		Release|Any CPU = Release|Any CPU
		DebugL|Any CPU = DebugL|Any CPU
	EndGlobalSection
	GlobalSection(ProjectConfigurationPlatforms) = postSolution
		{F440E8E9-178A-4BF2-AF3E-B9542B1C8C0E}.Debug|Any CPU.ActiveCfg = Debug|Any CPU
		{F440E8E9-178A-4BF2-AF3E-B9542B1C8C0E}.Debug|Any CPU.Build.0 = Debug|Any CPU
		{F440E8E9-178A-4BF2-AF3E-B9542B1C8C0E}.Release|Any CPU.ActiveCfg = Release|Any CPU
		{F440E8E9-178A-4BF2-AF3E-B9542B1C8C0E}.Release|Any CPU.Build.0 = Release|Any CPU
		{F440E8E9-178A-4BF2-AF3E-B9542B1C8C0E}.DebugL|Any CPU.ActiveCfg = DebugL|Any CPU
		{F440E8E9-178A-4BF2-AF3E-B9542B1C8C0E}.DebugL|Any CPU.Build.0 = DebugL|Any CPU
		{12F8E0F3-B97F-466C-85AE-56D3220C644A}.Debug|Any CPU.ActiveCfg = Debug|Any CPU
		{12F8E0F3-B97F-466C-85AE-56D3220C644A}.Debug|Any CPU.Build.0 = Debug|Any CPU
		{12F8E0F3-B97F-466C-85AE-56D3220C644A}.Release|Any CPU.ActiveCfg = Release|Any CPU
		{12F8E0F3-B97F-466C-85AE-56D3220C644A}.Release|Any CPU.Build.0 = Release|Any CPU
		{12F8E0F3-B97F-466C-85AE-56D3220C644A}.DebugL|Any CPU.ActiveCfg = DebugL|Any CPU
		{12F8E0F3-B97F-466C-85AE-56D3220C644A}.DebugL|Any CPU.Build.0 = DebugL|Any CPU
		{95D52C03-CF5D-463E-9B41-597A124903F5}.Debug|Any CPU.ActiveCfg = Debug|Any CPU
		{95D52C03-CF5D-463E-9B41-597A124903F5}.Debug|Any CPU.Build.0 = Debug|Any CPU
		{95D52C03-CF5D-463E-9B41-597A124903F5}.Release|Any CPU.ActiveCfg = Release|Any CPU
		{95D52C03-CF5D-463E-9B41-597A124903F5}.Release|Any CPU.Build.0 = Release|Any CPU
		{95D52C03-CF5D-463E-9B41-597A124903F5}.DebugL|Any CPU.ActiveCfg = DebugL|Any CPU
		{95D52C03-CF5D-463E-9B41-597A124903F5}.DebugL|Any CPU.Build.0 = DebugL|Any CPU
	EndGlobalSection
	GlobalSection(NestedProjects) = preSolution
	EndGlobalSection
EndGlobal
