
Microsoft Visual Studio Solution File, Format Version 12.00
Project("{FAE04EC0-301F-11D3-BF4B-00C04F79EFBC}") = "Common", "src\octo-common-services\src\Common\Common.csproj", "{81F09ECC-E5E9-4356-87BD-A7902064B37D}"
EndProject
Project("{2150E333-8FDC-42A3-9474-1A3956D46DE8}") = "common-services", "common-services", "{A28575DB-337A-494E-A432-E0C678233190}"
EndProject
Project("{2150E333-8FDC-42A3-9474-1A3956D46DE8}") = "core", "core", "{8C020542-E097-49CB-8E6C-C80A4E14027E}"
EndProject
Project("{FAE04EC0-301F-11D3-BF4B-00C04F79EFBC}") = "Shared", "src\octo-core\src\Common\Shared\Shared.csproj", "{CE176997-65A3-47ED-ADAA-AA5E1E0E84DF}"
EndProject
Project("{FAE04EC0-301F-11D3-BF4B-00C04F79EFBC}") = "Internationalization", "src\octo-core\src\Common\Internationalization\Internationalization.csproj", "{9D9F7A4C-E60B-4749-9FCC-A1ACCA6A6EF8}"
EndProject
Project("{FAE04EC0-301F-11D3-BF4B-00C04F79EFBC}") = "DistributedCache", "src\octo-core\src\Common\DistributedCache\DistributedCache.csproj", "{8896DCDD-CF89-4CDB-B58A-548487E4F37B}"
EndProject
Project("{FAE04EC0-301F-11D3-BF4B-00C04F79EFBC}") = "Persistence", "src\octo-core\src\SystematizedData\Persistence\Persistence.csproj", "{1286F7A6-9D0C-4217-B79B-500D933F1A1C}"
EndProject
Project("{FAE04EC0-301F-11D3-BF4B-00C04F79EFBC}") = "Swagger", "src\octo-common-services\src\Swagger\Swagger.csproj", "{3CC01DE2-F054-4006-B47C-3C5E67540CEF}"
EndProject
Project("{FAE04EC0-301F-11D3-BF4B-00C04F79EFBC}") = "Infrastructure", "src\octo-common-services\src\Infrastructure\Infrastructure.csproj", "{B7B2AF08-5308-4CC1-82BD-9810E350E2B7}"
EndProject
Project("{FAE04EC0-301F-11D3-BF4B-00C04F79EFBC}") = "PlugControllerServices", "src\PlugControllerServices\PlugControllerServices.csproj", "{C53C52A5-C4B8-4ADE-BF40-4BCBA361C9E6}"
EndProject
Project("{FAE04EC0-301F-11D3-BF4B-00C04F79EFBC}") = "PlugControllerServices.Resources", "src\PlugControllerServices.Resources\PlugControllerServices.Resources.csproj", "{5869AE60-EA46-47AF-8883-9B2BDE1F394C}"
EndProject
Project("{FAE04EC0-301F-11D3-BF4B-00C04F79EFBC}") = "Communication.Plugs.Contracts", "src\octo-core\src\Common\Communication.Plugs.Contracts\Communication.Plugs.Contracts.csproj", "{ECC855E6-2039-4828-B3BE-6985805031F3}"
EndProject
Project("{FAE04EC0-301F-11D3-BF4B-00C04F79EFBC}") = "Communication.Contracts", "src\octo-core\src\Common\Communication.Contracts\Communication.Contracts.csproj", "{DAF5BC42-0068-4926-8E0A-A7653C2179B6}"
EndProject
Project("{FAE04EC0-301F-11D3-BF4B-00C04F79EFBC}") = "Persistence.SystemTests", "src\octo-core\tests\Persistence.SystemTests\Persistence.SystemTests.csproj", "{EFB7C4BF-6968-4140-BF1C-4BBFBE8D0BF0}"
EndProject
Global
	GlobalSection(SolutionConfigurationPlatforms) = preSolution
		Debug|Any CPU = Debug|Any CPU
		Release|Any CPU = Release|Any CPU
	EndGlobalSection
	GlobalSection(ProjectConfigurationPlatforms) = postSolution
		{81F09ECC-E5E9-4356-87BD-A7902064B37D}.Debug|Any CPU.ActiveCfg = Debug|Any CPU
		{81F09ECC-E5E9-4356-87BD-A7902064B37D}.Debug|Any CPU.Build.0 = Debug|Any CPU
		{81F09ECC-E5E9-4356-87BD-A7902064B37D}.Release|Any CPU.ActiveCfg = Release|Any CPU
		{81F09ECC-E5E9-4356-87BD-A7902064B37D}.Release|Any CPU.Build.0 = Release|Any CPU
		{CE176997-65A3-47ED-ADAA-AA5E1E0E84DF}.Debug|Any CPU.ActiveCfg = Debug|Any CPU
		{CE176997-65A3-47ED-ADAA-AA5E1E0E84DF}.Debug|Any CPU.Build.0 = Debug|Any CPU
		{CE176997-65A3-47ED-ADAA-AA5E1E0E84DF}.Release|Any CPU.ActiveCfg = Release|Any CPU
		{CE176997-65A3-47ED-ADAA-AA5E1E0E84DF}.Release|Any CPU.Build.0 = Release|Any CPU
		{9D9F7A4C-E60B-4749-9FCC-A1ACCA6A6EF8}.Debug|Any CPU.ActiveCfg = Debug|Any CPU
		{9D9F7A4C-E60B-4749-9FCC-A1ACCA6A6EF8}.Debug|Any CPU.Build.0 = Debug|Any CPU
		{9D9F7A4C-E60B-4749-9FCC-A1ACCA6A6EF8}.Release|Any CPU.ActiveCfg = Release|Any CPU
		{9D9F7A4C-E60B-4749-9FCC-A1ACCA6A6EF8}.Release|Any CPU.Build.0 = Release|Any CPU
		{8896DCDD-CF89-4CDB-B58A-548487E4F37B}.Debug|Any CPU.ActiveCfg = Debug|Any CPU
		{8896DCDD-CF89-4CDB-B58A-548487E4F37B}.Debug|Any CPU.Build.0 = Debug|Any CPU
		{8896DCDD-CF89-4CDB-B58A-548487E4F37B}.Release|Any CPU.ActiveCfg = Release|Any CPU
		{8896DCDD-CF89-4CDB-B58A-548487E4F37B}.Release|Any CPU.Build.0 = Release|Any CPU
		{1286F7A6-9D0C-4217-B79B-500D933F1A1C}.Debug|Any CPU.ActiveCfg = Debug|Any CPU
		{1286F7A6-9D0C-4217-B79B-500D933F1A1C}.Debug|Any CPU.Build.0 = Debug|Any CPU
		{1286F7A6-9D0C-4217-B79B-500D933F1A1C}.Release|Any CPU.ActiveCfg = Release|Any CPU
		{1286F7A6-9D0C-4217-B79B-500D933F1A1C}.Release|Any CPU.Build.0 = Release|Any CPU
		{3CC01DE2-F054-4006-B47C-3C5E67540CEF}.Debug|Any CPU.ActiveCfg = Debug|Any CPU
		{3CC01DE2-F054-4006-B47C-3C5E67540CEF}.Debug|Any CPU.Build.0 = Debug|Any CPU
		{3CC01DE2-F054-4006-B47C-3C5E67540CEF}.Release|Any CPU.ActiveCfg = Release|Any CPU
		{3CC01DE2-F054-4006-B47C-3C5E67540CEF}.Release|Any CPU.Build.0 = Release|Any CPU
		{B7B2AF08-5308-4CC1-82BD-9810E350E2B7}.Debug|Any CPU.ActiveCfg = Debug|Any CPU
		{B7B2AF08-5308-4CC1-82BD-9810E350E2B7}.Debug|Any CPU.Build.0 = Debug|Any CPU
		{B7B2AF08-5308-4CC1-82BD-9810E350E2B7}.Release|Any CPU.ActiveCfg = Release|Any CPU
		{B7B2AF08-5308-4CC1-82BD-9810E350E2B7}.Release|Any CPU.Build.0 = Release|Any CPU
		{C53C52A5-C4B8-4ADE-BF40-4BCBA361C9E6}.Debug|Any CPU.ActiveCfg = Debug|Any CPU
		{C53C52A5-C4B8-4ADE-BF40-4BCBA361C9E6}.Debug|Any CPU.Build.0 = Debug|Any CPU
		{C53C52A5-C4B8-4ADE-BF40-4BCBA361C9E6}.Release|Any CPU.ActiveCfg = Release|Any CPU
		{C53C52A5-C4B8-4ADE-BF40-4BCBA361C9E6}.Release|Any CPU.Build.0 = Release|Any CPU
		{5869AE60-EA46-47AF-8883-9B2BDE1F394C}.Debug|Any CPU.ActiveCfg = Debug|Any CPU
		{5869AE60-EA46-47AF-8883-9B2BDE1F394C}.Debug|Any CPU.Build.0 = Debug|Any CPU
		{5869AE60-EA46-47AF-8883-9B2BDE1F394C}.Release|Any CPU.ActiveCfg = Release|Any CPU
		{5869AE60-EA46-47AF-8883-9B2BDE1F394C}.Release|Any CPU.Build.0 = Release|Any CPU
		{ECC855E6-2039-4828-B3BE-6985805031F3}.Debug|Any CPU.ActiveCfg = Debug|Any CPU
		{ECC855E6-2039-4828-B3BE-6985805031F3}.Debug|Any CPU.Build.0 = Debug|Any CPU
		{ECC855E6-2039-4828-B3BE-6985805031F3}.Release|Any CPU.ActiveCfg = Release|Any CPU
		{ECC855E6-2039-4828-B3BE-6985805031F3}.Release|Any CPU.Build.0 = Release|Any CPU
		{DAF5BC42-0068-4926-8E0A-A7653C2179B6}.Debug|Any CPU.ActiveCfg = Debug|Any CPU
		{DAF5BC42-0068-4926-8E0A-A7653C2179B6}.Debug|Any CPU.Build.0 = Debug|Any CPU
		{DAF5BC42-0068-4926-8E0A-A7653C2179B6}.Release|Any CPU.ActiveCfg = Release|Any CPU
		{DAF5BC42-0068-4926-8E0A-A7653C2179B6}.Release|Any CPU.Build.0 = Release|Any CPU
		{EFB7C4BF-6968-4140-BF1C-4BBFBE8D0BF0}.Debug|Any CPU.ActiveCfg = Debug|Any CPU
		{EFB7C4BF-6968-4140-BF1C-4BBFBE8D0BF0}.Debug|Any CPU.Build.0 = Debug|Any CPU
		{EFB7C4BF-6968-4140-BF1C-4BBFBE8D0BF0}.Release|Any CPU.ActiveCfg = Release|Any CPU
		{EFB7C4BF-6968-4140-BF1C-4BBFBE8D0BF0}.Release|Any CPU.Build.0 = Release|Any CPU
	EndGlobalSection
	GlobalSection(NestedProjects) = preSolution
		{81F09ECC-E5E9-4356-87BD-A7902064B37D} = {A28575DB-337A-494E-A432-E0C678233190}
		{CE176997-65A3-47ED-ADAA-AA5E1E0E84DF} = {8C020542-E097-49CB-8E6C-C80A4E14027E}
		{9D9F7A4C-E60B-4749-9FCC-A1ACCA6A6EF8} = {8C020542-E097-49CB-8E6C-C80A4E14027E}
		{8896DCDD-CF89-4CDB-B58A-548487E4F37B} = {8C020542-E097-49CB-8E6C-C80A4E14027E}
		{1286F7A6-9D0C-4217-B79B-500D933F1A1C} = {8C020542-E097-49CB-8E6C-C80A4E14027E}
		{3CC01DE2-F054-4006-B47C-3C5E67540CEF} = {A28575DB-337A-494E-A432-E0C678233190}
		{B7B2AF08-5308-4CC1-82BD-9810E350E2B7} = {A28575DB-337A-494E-A432-E0C678233190}
		{ECC855E6-2039-4828-B3BE-6985805031F3} = {8C020542-E097-49CB-8E6C-C80A4E14027E}
		{DAF5BC42-0068-4926-8E0A-A7653C2179B6} = {8C020542-E097-49CB-8E6C-C80A4E14027E}
		{EFB7C4BF-6968-4140-BF1C-4BBFBE8D0BF0} = {8C020542-E097-49CB-8E6C-C80A4E14027E}
	EndGlobalSection
EndGlobal
